PODS:
  - AFNetworking (1.3.4)
  - AFOAuth1Client (1.0.0):
    - AFNetworking (~> 1.3)
  - FXForms (1.1.6)
  - HexColors (2.2.1)
  - MSDynamicsDrawerViewController (1.5.1)
  - TSMessages (0.9.12):
    - HexColors

DEPENDENCIES:
  - AFNetworking (~> 1.3.3)
  - AFOAuth1Client
  - FXForms (~> 1.1.1)
  - MSDynamicsDrawerViewController (~> 1.5.1)
  - TSMessages

SPEC CHECKSUMS:
  AFNetworking: 80c4e0652b08eb34e25b9c0ff3c82556fe5967b4
  AFOAuth1Client: 391bce5333811b8f158a4b2ae67ad06691d55ae7
  FXForms: 9387c60ee6f3e1c75e0f8998012acc1ce0ad8d0a
  HexColors: 01384d2bbe8dc4ffa43c3b4135db6e976952d153
  MSDynamicsDrawerViewController: 0002059480a4b5ddde7eafbafb958a79a9b0ffaf
  TSMessages: b2b5dc71f65146387e51f2600bb0eb8f3a6c4ab8

COCOAPODS: 0.35.0
