// !$*UTF8*$!
{
	archiveVersion = 1;
	classes = {
	};
	objectVersion = 46;
	objects = {

/* Begin PBXBuildFile section */
		20E9C2C236F2443189681324 /* libPods.a in Frameworks */ = {isa = PBXBuildFile; fileRef = 487B526071B441E0BA63165C /* libPods.a */; };
		65606AF118EB3437007954BB /* Foundation.framework in Frameworks */ = {isa = PBXBuildFile; fileRef = 65606AF018EB3437007954BB /* Foundation.framework */; };
		65606AF318EB3437007954BB /* CoreGraphics.framework in Frameworks */ = {isa = PBXBuildFile; fileRef = 65606AF218EB3437007954BB /* CoreGraphics.framework */; };
		65606AF518EB3437007954BB /* UIKit.framework in Frameworks */ = {isa = PBXBuildFile; fileRef = 65606AF418EB3437007954BB /* UIKit.framework */; };
		65606AFB18EB3437007954BB /* InfoPlist.strings in Resources */ = {isa = PBXBuildFile; fileRef = 65606AF918EB3437007954BB /* InfoPlist.strings */; };
		65606AFD18EB3437007954BB /* main.m in Sources */ = {isa = PBXBuildFile; fileRef = 65606AFC18EB3437007954BB /* main.m */; };
		65606B0118EB3437007954BB /* AppDelegate.m in Sources */ = {isa = PBXBuildFile; fileRef = 65606B0018EB3437007954BB /* AppDelegate.m */; };
		65606B0418EB3437007954BB /* Main_iPhone.storyboard in Resources */ = {isa = PBXBuildFile; fileRef = 65606B0218EB3437007954BB /* Main_iPhone.storyboard */; };
		65606B0A18EB3437007954BB /* RootViewController.m in Sources */ = {isa = PBXBuildFile; fileRef = 65606B0918EB3437007954BB /* RootViewController.m */; };
		65606B0C18EB3437007954BB /* Images.xcassets in Resources */ = {isa = PBXBuildFile; fileRef = 65606B0B18EB3437007954BB /* Images.xcassets */; };
		65606B1318EB3437007954BB /* XCTest.framework in Frameworks */ = {isa = PBXBuildFile; fileRef = 65606B1218EB3437007954BB /* XCTest.framework */; };
		65606B1418EB3438007954BB /* Foundation.framework in Frameworks */ = {isa = PBXBuildFile; fileRef = 65606AF018EB3437007954BB /* Foundation.framework */; };
		65606B1518EB3438007954BB /* UIKit.framework in Frameworks */ = {isa = PBXBuildFile; fileRef = 65606AF418EB3437007954BB /* UIKit.framework */; };
		65606B1D18EB3438007954BB /* InfoPlist.strings in Resources */ = {isa = PBXBuildFile; fileRef = 65606B1B18EB3438007954BB /* InfoPlist.strings */; };
		65606B1F18EB3438007954BB /* IndyFoodTrucksTests.m in Sources */ = {isa = PBXBuildFile; fileRef = 65606B1E18EB3438007954BB /* IndyFoodTrucksTests.m */; };
		65E9655518EF82A8000877C4 /* Parse.framework in Frameworks */ = {isa = PBXBuildFile; fileRef = 65E9655418EF82A8000877C4 /* Parse.framework */; };
		65E9655618EF82A8000877C4 /* Parse.framework in Frameworks */ = {isa = PBXBuildFile; fileRef = 65E9655418EF82A8000877C4 /* Parse.framework */; };
		65E9655818EF82D1000877C4 /* AudioToolbox.framework in Frameworks */ = {isa = PBXBuildFile; fileRef = 65E9655718EF82D1000877C4 /* AudioToolbox.framework */; };
		65E9655A18EF82D8000877C4 /* CFNetwork.framework in Frameworks */ = {isa = PBXBuildFile; fileRef = 65E9655918EF82D8000877C4 /* CFNetwork.framework */; };
		65E9655C18EF82E9000877C4 /* libz.dylib in Frameworks */ = {isa = PBXBuildFile; fileRef = 65E9655B18EF82E9000877C4 /* libz.dylib */; };
		65E9655E18EF82F0000877C4 /* MobileCoreServices.framework in Frameworks */ = {isa = PBXBuildFile; fileRef = 65E9655D18EF82F0000877C4 /* MobileCoreServices.framework */; };
		65E9656018EF82F9000877C4 /* QuartzCore.framework in Frameworks */ = {isa = PBXBuildFile; fileRef = 65E9655F18EF82F9000877C4 /* QuartzCore.framework */; };
		65E9656218EF82FE000877C4 /* Security.framework in Frameworks */ = {isa = PBXBuildFile; fileRef = 65E9656118EF82FE000877C4 /* Security.framework */; };
		65E9656418EF8303000877C4 /* StoreKit.framework in Frameworks */ = {isa = PBXBuildFile; fileRef = 65E9656318EF8303000877C4 /* StoreKit.framework */; };
		65E9656618EF8309000877C4 /* SystemConfiguration.framework in Frameworks */ = {isa = PBXBuildFile; fileRef = 65E9656518EF8309000877C4 /* SystemConfiguration.framework */; };
		65E9656818EF8363000877C4 /* Accounts.framework in Frameworks */ = {isa = PBXBuildFile; fileRef = 65E9656718EF8363000877C4 /* Accounts.framework */; };
		65E9656A18EF837C000877C4 /* Social.framework in Frameworks */ = {isa = PBXBuildFile; fileRef = 65E9656918EF837C000877C4 /* Social.framework */; };
		65E9656E18EF8422000877C4 /* FBMissingSymbols.m in Sources */ = {isa = PBXBuildFile; fileRef = 65E9656D18EF8422000877C4 /* FBMissingSymbols.m */; };
		65E9656F18EF8422000877C4 /* FBMissingSymbols.m in Sources */ = {isa = PBXBuildFile; fileRef = 65E9656D18EF8422000877C4 /* FBMissingSymbols.m */; };
		65E9659418EF9DE7000877C4 /* TruckLoginViewController.m in Sources */ = {isa = PBXBuildFile; fileRef = 65E9659318EF9DE7000877C4 /* TruckLoginViewController.m */; };
		65E9659918EF9E27000877C4 /* CCActionSheet.m in Sources */ = {isa = PBXBuildFile; fileRef = 65E9659618EF9E27000877C4 /* CCActionSheet.m */; };
		65E9659A18EF9E27000877C4 /* CCAlertView.m in Sources */ = {isa = PBXBuildFile; fileRef = 65E9659818EF9E27000877C4 /* CCAlertView.m */; };
		65E9659E18EF9FBE000877C4 /* TruckSingleton.m in Sources */ = {isa = PBXBuildFile; fileRef = 65E9659D18EF9FBE000877C4 /* TruckSingleton.m */; };
		65E965A518EFAD04000877C4 /* MSMenuCell.m in Sources */ = {isa = PBXBuildFile; fileRef = 65E965A218EFAD04000877C4 /* MSMenuCell.m */; };
		65E965A618EFAD04000877C4 /* MSMenuTableViewHeader.m in Sources */ = {isa = PBXBuildFile; fileRef = 65E965A418EFAD04000877C4 /* MSMenuTableViewHeader.m */; };
		65E965A918F04558000877C4 /* YelpTruckViewController.m in Sources */ = {isa = PBXBuildFile; fileRef = 65E965A818F04558000877C4 /* YelpTruckViewController.m */; };
		65E965FB18F0494F000877C4 /* YelpKeys.plist in Resources */ = {isa = PBXBuildFile; fileRef = 65E965F218F0494F000877C4 /* YelpKeys.plist */; };
		65E965FC18F0494F000877C4 /* YLBusiness.m in Sources */ = {isa = PBXBuildFile; fileRef = 65E965F418F0494F000877C4 /* YLBusiness.m */; };
		65E965FE18F0494F000877C4 /* YLLocalSearch.m in Sources */ = {isa = PBXBuildFile; fileRef = 65E965F818F0494F000877C4 /* YLLocalSearch.m */; };
		65E965FF18F0494F000877C4 /* YLLocalSearchResponse.m in Sources */ = {isa = PBXBuildFile; fileRef = 65E965FA18F0494F000877C4 /* YLLocalSearchResponse.m */; };
		EB177A0618F048DB00026E09 /* LocationMapCell.m in Sources */ = {isa = PBXBuildFile; fileRef = EB177A0418F048DB00026E09 /* LocationMapCell.m */; };
		EB177A0718F048DB00026E09 /* LocationMapCell.xib in Resources */ = {isa = PBXBuildFile; fileRef = EB177A0518F048DB00026E09 /* LocationMapCell.xib */; };
		EB177A0818F04D2C00026E09 /* YLClient.m in Sources */ = {isa = PBXBuildFile; fileRef = 65E965F618F0494F000877C4 /* YLClient.m */; };
		EB177A0C18F05C7200026E09 /* TruckYelpCell.m in Sources */ = {isa = PBXBuildFile; fileRef = EB177A0A18F05C7200026E09 /* TruckYelpCell.m */; };
		EB177A0D18F05C7200026E09 /* TruckYelpCell.xib in Resources */ = {isa = PBXBuildFile; fileRef = EB177A0B18F05C7200026E09 /* TruckYelpCell.xib */; };
		EB177A1318F05F9600026E09 /* TruckAutomaticCheckInViewController.m in Sources */ = {isa = PBXBuildFile; fileRef = EB177A1218F05F9600026E09 /* TruckAutomaticCheckInViewController.m */; };
		EB177A1618F05FAD00026E09 /* TruckManualCheckInViewController.m in Sources */ = {isa = PBXBuildFile; fileRef = EB177A1518F05FAD00026E09 /* TruckManualCheckInViewController.m */; };
		EB177A1918F065FC00026E09 /* ManualCheckInForm.m in Sources */ = {isa = PBXBuildFile; fileRef = EB177A1818F065FC00026E09 /* ManualCheckInForm.m */; };
		EB177A1C18F0661500026E09 /* AutomaticCheckInForm.m in Sources */ = {isa = PBXBuildFile; fileRef = EB177A1B18F0661500026E09 /* AutomaticCheckInForm.m */; };
		EB624DF318EF5F0C00770C4B /* MenuViewController.m in Sources */ = {isa = PBXBuildFile; fileRef = EB624DF218EF5F0C00770C4B /* MenuViewController.m */; };
		EB624DF618EF61E300770C4B /* MapViewController.m in Sources */ = {isa = PBXBuildFile; fileRef = EB624DF518EF61E300770C4B /* MapViewController.m */; };
		EB624E5518EF8A3400770C4B /* TruckFormViewController.m in Sources */ = {isa = PBXBuildFile; fileRef = EB624E5418EF8A3400770C4B /* TruckFormViewController.m */; };
		EB624E5918EF8AE900770C4B /* TruckForm.m in Sources */ = {isa = PBXBuildFile; fileRef = EB624E5818EF8AE900770C4B /* TruckForm.m */; };
		EB624E5D18EF90A500770C4B /* TrucksViewController.m in Sources */ = {isa = PBXBuildFile; fileRef = EB624E5C18EF90A500770C4B /* TrucksViewController.m */; };
		EB624E6018EF914700770C4B /* TruckDetailViewController.m in Sources */ = {isa = PBXBuildFile; fileRef = EB624E5F18EF914700770C4B /* TruckDetailViewController.m */; };
		EBE7688518EF99350037755F /* MapKit.framework in Frameworks */ = {isa = PBXBuildFile; fileRef = EBE7688418EF99350037755F /* MapKit.framework */; };
/* End PBXBuildFile section */

/* Begin PBXContainerItemProxy section */
		65606B1618EB3438007954BB /* PBXContainerItemProxy */ = {
			isa = PBXContainerItemProxy;
			containerPortal = 65606AE518EB3437007954BB /* Project object */;
			proxyType = 1;
			remoteGlobalIDString = 65606AEC18EB3437007954BB;
			remoteInfo = IndyFoodTrucks;
		};
/* End PBXContainerItemProxy section */

/* Begin PBXFileReference section */
		2262114B6A6D47C2B7360984 /* Pods.xcconfig */ = {isa = PBXFileReference; includeInIndex = 1; lastKnownFileType = text.xcconfig; name = Pods.xcconfig; path = Pods/Pods.xcconfig; sourceTree = "<group>"; };
		487B526071B441E0BA63165C /* libPods.a */ = {isa = PBXFileReference; explicitFileType = archive.ar; includeInIndex = 0; path = libPods.a; sourceTree = BUILT_PRODUCTS_DIR; };
		65606AED18EB3437007954BB /* IndyFoodTrucks.app */ = {isa = PBXFileReference; explicitFileType = wrapper.application; includeInIndex = 0; path = IndyFoodTrucks.app; sourceTree = BUILT_PRODUCTS_DIR; };
		65606AF018EB3437007954BB /* Foundation.framework */ = {isa = PBXFileReference; lastKnownFileType = wrapper.framework; name = Foundation.framework; path = System/Library/Frameworks/Foundation.framework; sourceTree = SDKROOT; };
		65606AF218EB3437007954BB /* CoreGraphics.framework */ = {isa = PBXFileReference; lastKnownFileType = wrapper.framework; name = CoreGraphics.framework; path = System/Library/Frameworks/CoreGraphics.framework; sourceTree = SDKROOT; };
		65606AF418EB3437007954BB /* UIKit.framework */ = {isa = PBXFileReference; lastKnownFileType = wrapper.framework; name = UIKit.framework; path = System/Library/Frameworks/UIKit.framework; sourceTree = SDKROOT; };
		65606AF818EB3437007954BB /* IndyFoodTrucks-Info.plist */ = {isa = PBXFileReference; lastKnownFileType = text.plist.xml; path = "IndyFoodTrucks-Info.plist"; sourceTree = "<group>"; };
		65606AFA18EB3437007954BB /* en */ = {isa = PBXFileReference; lastKnownFileType = text.plist.strings; name = en; path = en.lproj/InfoPlist.strings; sourceTree = "<group>"; };
		65606AFC18EB3437007954BB /* main.m */ = {isa = PBXFileReference; lastKnownFileType = sourcecode.c.objc; path = main.m; sourceTree = "<group>"; };
		65606AFE18EB3437007954BB /* IndyFoodTrucks-Prefix.pch */ = {isa = PBXFileReference; lastKnownFileType = sourcecode.c.h; path = "IndyFoodTrucks-Prefix.pch"; sourceTree = "<group>"; };
		65606AFF18EB3437007954BB /* AppDelegate.h */ = {isa = PBXFileReference; lastKnownFileType = sourcecode.c.h; path = AppDelegate.h; sourceTree = "<group>"; };
		65606B0018EB3437007954BB /* AppDelegate.m */ = {isa = PBXFileReference; lastKnownFileType = sourcecode.c.objc; path = AppDelegate.m; sourceTree = "<group>"; };
		65606B0318EB3437007954BB /* Base */ = {isa = PBXFileReference; lastKnownFileType = file.storyboard; name = Base; path = Base.lproj/Main_iPhone.storyboard; sourceTree = "<group>"; };
		65606B0818EB3437007954BB /* RootViewController.h */ = {isa = PBXFileReference; lastKnownFileType = sourcecode.c.h; path = RootViewController.h; sourceTree = "<group>"; };
		65606B0918EB3437007954BB /* RootViewController.m */ = {isa = PBXFileReference; lastKnownFileType = sourcecode.c.objc; path = RootViewController.m; sourceTree = "<group>"; };
		65606B0B18EB3437007954BB /* Images.xcassets */ = {isa = PBXFileReference; lastKnownFileType = folder.assetcatalog; path = Images.xcassets; sourceTree = "<group>"; };
		65606B1118EB3437007954BB /* IndyFoodTrucksTests.xctest */ = {isa = PBXFileReference; explicitFileType = wrapper.cfbundle; includeInIndex = 0; path = IndyFoodTrucksTests.xctest; sourceTree = BUILT_PRODUCTS_DIR; };
		65606B1218EB3437007954BB /* XCTest.framework */ = {isa = PBXFileReference; lastKnownFileType = wrapper.framework; name = XCTest.framework; path = Library/Frameworks/XCTest.framework; sourceTree = DEVELOPER_DIR; };
		65606B1A18EB3438007954BB /* IndyFoodTrucksTests-Info.plist */ = {isa = PBXFileReference; lastKnownFileType = text.plist.xml; path = "IndyFoodTrucksTests-Info.plist"; sourceTree = "<group>"; };
		65606B1C18EB3438007954BB /* en */ = {isa = PBXFileReference; lastKnownFileType = text.plist.strings; name = en; path = en.lproj/InfoPlist.strings; sourceTree = "<group>"; };
		65606B1E18EB3438007954BB /* IndyFoodTrucksTests.m */ = {isa = PBXFileReference; lastKnownFileType = sourcecode.c.objc; path = IndyFoodTrucksTests.m; sourceTree = "<group>"; };
		65E9655418EF82A8000877C4 /* Parse.framework */ = {isa = PBXFileReference; lastKnownFileType = wrapper.framework; path = Parse.framework; sourceTree = "<group>"; };
		65E9655718EF82D1000877C4 /* AudioToolbox.framework */ = {isa = PBXFileReference; lastKnownFileType = wrapper.framework; name = AudioToolbox.framework; path = System/Library/Frameworks/AudioToolbox.framework; sourceTree = SDKROOT; };
		65E9655918EF82D8000877C4 /* CFNetwork.framework */ = {isa = PBXFileReference; lastKnownFileType = wrapper.framework; name = CFNetwork.framework; path = System/Library/Frameworks/CFNetwork.framework; sourceTree = SDKROOT; };
		65E9655B18EF82E9000877C4 /* libz.dylib */ = {isa = PBXFileReference; lastKnownFileType = "compiled.mach-o.dylib"; name = libz.dylib; path = usr/lib/libz.dylib; sourceTree = SDKROOT; };
		65E9655D18EF82F0000877C4 /* MobileCoreServices.framework */ = {isa = PBXFileReference; lastKnownFileType = wrapper.framework; name = MobileCoreServices.framework; path = System/Library/Frameworks/MobileCoreServices.framework; sourceTree = SDKROOT; };
		65E9655F18EF82F9000877C4 /* QuartzCore.framework */ = {isa = PBXFileReference; lastKnownFileType = wrapper.framework; name = QuartzCore.framework; path = System/Library/Frameworks/QuartzCore.framework; sourceTree = SDKROOT; };
		65E9656118EF82FE000877C4 /* Security.framework */ = {isa = PBXFileReference; lastKnownFileType = wrapper.framework; name = Security.framework; path = System/Library/Frameworks/Security.framework; sourceTree = SDKROOT; };
		65E9656318EF8303000877C4 /* StoreKit.framework */ = {isa = PBXFileReference; lastKnownFileType = wrapper.framework; name = StoreKit.framework; path = System/Library/Frameworks/StoreKit.framework; sourceTree = SDKROOT; };
		65E9656518EF8309000877C4 /* SystemConfiguration.framework */ = {isa = PBXFileReference; lastKnownFileType = wrapper.framework; name = SystemConfiguration.framework; path = System/Library/Frameworks/SystemConfiguration.framework; sourceTree = SDKROOT; };
		65E9656718EF8363000877C4 /* Accounts.framework */ = {isa = PBXFileReference; lastKnownFileType = wrapper.framework; name = Accounts.framework; path = System/Library/Frameworks/Accounts.framework; sourceTree = SDKROOT; };
		65E9656918EF837C000877C4 /* Social.framework */ = {isa = PBXFileReference; lastKnownFileType = wrapper.framework; name = Social.framework; path = System/Library/Frameworks/Social.framework; sourceTree = SDKROOT; };
		65E9656D18EF8422000877C4 /* FBMissingSymbols.m */ = {isa = PBXFileReference; fileEncoding = 4; lastKnownFileType = sourcecode.c.objc; name = FBMissingSymbols.m; path = IndyFoodTrucks/FBMissingSymbols.m; sourceTree = SOURCE_ROOT; };
		65E9659218EF9DE7000877C4 /* TruckLoginViewController.h */ = {isa = PBXFileReference; fileEncoding = 4; lastKnownFileType = sourcecode.c.h; path = TruckLoginViewController.h; sourceTree = "<group>"; };
		65E9659318EF9DE7000877C4 /* TruckLoginViewController.m */ = {isa = PBXFileReference; fileEncoding = 4; lastKnownFileType = sourcecode.c.objc; path = TruckLoginViewController.m; sourceTree = "<group>"; };
		65E9659518EF9E27000877C4 /* CCActionSheet.h */ = {isa = PBXFileReference; fileEncoding = 4; lastKnownFileType = sourcecode.c.h; name = CCActionSheet.h; path = IndyFoodTrucks/CCActionSheet.h; sourceTree = SOURCE_ROOT; };
		65E9659618EF9E27000877C4 /* CCActionSheet.m */ = {isa = PBXFileReference; fileEncoding = 4; lastKnownFileType = sourcecode.c.objc; name = CCActionSheet.m; path = IndyFoodTrucks/CCActionSheet.m; sourceTree = SOURCE_ROOT; };
		65E9659718EF9E27000877C4 /* CCAlertView.h */ = {isa = PBXFileReference; fileEncoding = 4; lastKnownFileType = sourcecode.c.h; name = CCAlertView.h; path = IndyFoodTrucks/CCAlertView.h; sourceTree = SOURCE_ROOT; };
		65E9659818EF9E27000877C4 /* CCAlertView.m */ = {isa = PBXFileReference; fileEncoding = 4; lastKnownFileType = sourcecode.c.objc; name = CCAlertView.m; path = IndyFoodTrucks/CCAlertView.m; sourceTree = SOURCE_ROOT; };
		65E9659C18EF9FBE000877C4 /* TruckSingleton.h */ = {isa = PBXFileReference; fileEncoding = 4; lastKnownFileType = sourcecode.c.h; path = TruckSingleton.h; sourceTree = "<group>"; };
		65E9659D18EF9FBE000877C4 /* TruckSingleton.m */ = {isa = PBXFileReference; fileEncoding = 4; lastKnownFileType = sourcecode.c.objc; path = TruckSingleton.m; sourceTree = "<group>"; };
		65E965A118EFAD04000877C4 /* MSMenuCell.h */ = {isa = PBXFileReference; fileEncoding = 4; lastKnownFileType = sourcecode.c.h; path = MSMenuCell.h; sourceTree = "<group>"; };
		65E965A218EFAD04000877C4 /* MSMenuCell.m */ = {isa = PBXFileReference; fileEncoding = 4; lastKnownFileType = sourcecode.c.objc; path = MSMenuCell.m; sourceTree = "<group>"; };
		65E965A318EFAD04000877C4 /* MSMenuTableViewHeader.h */ = {isa = PBXFileReference; fileEncoding = 4; lastKnownFileType = sourcecode.c.h; path = MSMenuTableViewHeader.h; sourceTree = "<group>"; };
		65E965A418EFAD04000877C4 /* MSMenuTableViewHeader.m */ = {isa = PBXFileReference; fileEncoding = 4; lastKnownFileType = sourcecode.c.objc; path = MSMenuTableViewHeader.m; sourceTree = "<group>"; };
		65E965A718F04558000877C4 /* YelpTruckViewController.h */ = {isa = PBXFileReference; fileEncoding = 4; lastKnownFileType = sourcecode.c.h; path = YelpTruckViewController.h; sourceTree = "<group>"; };
		65E965A818F04558000877C4 /* YelpTruckViewController.m */ = {isa = PBXFileReference; fileEncoding = 4; lastKnownFileType = sourcecode.c.objc; path = YelpTruckViewController.m; sourceTree = "<group>"; };
		65E965F218F0494F000877C4 /* YelpKeys.plist */ = {isa = PBXFileReference; fileEncoding = 4; lastKnownFileType = text.plist.xml; name = YelpKeys.plist; path = IndyFoodTrucks/YElp/YelpKeys.plist; sourceTree = SOURCE_ROOT; };
		65E965F318F0494F000877C4 /* YLBusiness.h */ = {isa = PBXFileReference; fileEncoding = 4; lastKnownFileType = sourcecode.c.h; name = YLBusiness.h; path = IndyFoodTrucks/YElp/YLBusiness.h; sourceTree = SOURCE_ROOT; };
		65E965F418F0494F000877C4 /* YLBusiness.m */ = {isa = PBXFileReference; fileEncoding = 4; lastKnownFileType = sourcecode.c.objc; name = YLBusiness.m; path = IndyFoodTrucks/YElp/YLBusiness.m; sourceTree = SOURCE_ROOT; };
		65E965F518F0494F000877C4 /* YLClient.h */ = {isa = PBXFileReference; fileEncoding = 4; lastKnownFileType = sourcecode.c.h; name = YLClient.h; path = IndyFoodTrucks/YElp/YLClient.h; sourceTree = SOURCE_ROOT; };
		65E965F618F0494F000877C4 /* YLClient.m */ = {isa = PBXFileReference; fileEncoding = 4; lastKnownFileType = sourcecode.c.objc; name = YLClient.m; path = IndyFoodTrucks/YElp/YLClient.m; sourceTree = SOURCE_ROOT; };
		65E965F718F0494F000877C4 /* YLLocalSearch.h */ = {isa = PBXFileReference; fileEncoding = 4; lastKnownFileType = sourcecode.c.h; name = YLLocalSearch.h; path = IndyFoodTrucks/YElp/YLLocalSearch.h; sourceTree = SOURCE_ROOT; };
		65E965F818F0494F000877C4 /* YLLocalSearch.m */ = {isa = PBXFileReference; fileEncoding = 4; lastKnownFileType = sourcecode.c.objc; name = YLLocalSearch.m; path = IndyFoodTrucks/YElp/YLLocalSearch.m; sourceTree = SOURCE_ROOT; };
		65E965F918F0494F000877C4 /* YLLocalSearchResponse.h */ = {isa = PBXFileReference; fileEncoding = 4; lastKnownFileType = sourcecode.c.h; name = YLLocalSearchResponse.h; path = IndyFoodTrucks/YElp/YLLocalSearchResponse.h; sourceTree = SOURCE_ROOT; };
		65E965FA18F0494F000877C4 /* YLLocalSearchResponse.m */ = {isa = PBXFileReference; fileEncoding = 4; lastKnownFileType = sourcecode.c.objc; name = YLLocalSearchResponse.m; path = IndyFoodTrucks/YElp/YLLocalSearchResponse.m; sourceTree = SOURCE_ROOT; };
		EB177A0318F048DB00026E09 /* LocationMapCell.h */ = {isa = PBXFileReference; fileEncoding = 4; lastKnownFileType = sourcecode.c.h; path = LocationMapCell.h; sourceTree = "<group>"; };
		EB177A0418F048DB00026E09 /* LocationMapCell.m */ = {isa = PBXFileReference; fileEncoding = 4; lastKnownFileType = sourcecode.c.objc; path = LocationMapCell.m; sourceTree = "<group>"; };
		EB177A0518F048DB00026E09 /* LocationMapCell.xib */ = {isa = PBXFileReference; fileEncoding = 4; lastKnownFileType = file.xib; path = LocationMapCell.xib; sourceTree = "<group>"; };
		EB177A0918F05C7200026E09 /* TruckYelpCell.h */ = {isa = PBXFileReference; fileEncoding = 4; lastKnownFileType = sourcecode.c.h; path = TruckYelpCell.h; sourceTree = "<group>"; };
		EB177A0A18F05C7200026E09 /* TruckYelpCell.m */ = {isa = PBXFileReference; fileEncoding = 4; lastKnownFileType = sourcecode.c.objc; path = TruckYelpCell.m; sourceTree = "<group>"; };
		EB177A0B18F05C7200026E09 /* TruckYelpCell.xib */ = {isa = PBXFileReference; fileEncoding = 4; lastKnownFileType = file.xib; path = TruckYelpCell.xib; sourceTree = "<group>"; };
		EB177A1118F05F9600026E09 /* TruckAutomaticCheckInViewController.h */ = {isa = PBXFileReference; fileEncoding = 4; lastKnownFileType = sourcecode.c.h; path = TruckAutomaticCheckInViewController.h; sourceTree = "<group>"; };
		EB177A1218F05F9600026E09 /* TruckAutomaticCheckInViewController.m */ = {isa = PBXFileReference; fileEncoding = 4; lastKnownFileType = sourcecode.c.objc; path = TruckAutomaticCheckInViewController.m; sourceTree = "<group>"; };
		EB177A1418F05FAD00026E09 /* TruckManualCheckInViewController.h */ = {isa = PBXFileReference; fileEncoding = 4; lastKnownFileType = sourcecode.c.h; path = TruckManualCheckInViewController.h; sourceTree = "<group>"; };
		EB177A1518F05FAD00026E09 /* TruckManualCheckInViewController.m */ = {isa = PBXFileReference; fileEncoding = 4; lastKnownFileType = sourcecode.c.objc; path = TruckManualCheckInViewController.m; sourceTree = "<group>"; };
		EB177A1718F065FC00026E09 /* ManualCheckInForm.h */ = {isa = PBXFileReference; fileEncoding = 4; lastKnownFileType = sourcecode.c.h; path = ManualCheckInForm.h; sourceTree = "<group>"; };
		EB177A1818F065FC00026E09 /* ManualCheckInForm.m */ = {isa = PBXFileReference; fileEncoding = 4; lastKnownFileType = sourcecode.c.objc; path = ManualCheckInForm.m; sourceTree = "<group>"; };
		EB177A1A18F0661500026E09 /* AutomaticCheckInForm.h */ = {isa = PBXFileReference; fileEncoding = 4; lastKnownFileType = sourcecode.c.h; path = AutomaticCheckInForm.h; sourceTree = "<group>"; };
		EB177A1B18F0661500026E09 /* AutomaticCheckInForm.m */ = {isa = PBXFileReference; fileEncoding = 4; lastKnownFileType = sourcecode.c.objc; path = AutomaticCheckInForm.m; sourceTree = "<group>"; };
		EB624DF118EF5F0C00770C4B /* MenuViewController.h */ = {isa = PBXFileReference; fileEncoding = 4; lastKnownFileType = sourcecode.c.h; path = MenuViewController.h; sourceTree = "<group>"; };
		EB624DF218EF5F0C00770C4B /* MenuViewController.m */ = {isa = PBXFileReference; fileEncoding = 4; lastKnownFileType = sourcecode.c.objc; path = MenuViewController.m; sourceTree = "<group>"; };
		EB624DF418EF61E300770C4B /* MapViewController.h */ = {isa = PBXFileReference; fileEncoding = 4; lastKnownFileType = sourcecode.c.h; path = MapViewController.h; sourceTree = "<group>"; };
		EB624DF518EF61E300770C4B /* MapViewController.m */ = {isa = PBXFileReference; fileEncoding = 4; lastKnownFileType = sourcecode.c.objc; path = MapViewController.m; sourceTree = "<group>"; };
		EB624E5318EF8A3400770C4B /* TruckFormViewController.h */ = {isa = PBXFileReference; fileEncoding = 4; lastKnownFileType = sourcecode.c.h; path = TruckFormViewController.h; sourceTree = "<group>"; };
		EB624E5418EF8A3400770C4B /* TruckFormViewController.m */ = {isa = PBXFileReference; fileEncoding = 4; lastKnownFileType = sourcecode.c.objc; path = TruckFormViewController.m; sourceTree = "<group>"; };
		EB624E5718EF8AE900770C4B /* TruckForm.h */ = {isa = PBXFileReference; fileEncoding = 4; lastKnownFileType = sourcecode.c.h; path = TruckForm.h; sourceTree = "<group>"; };
		EB624E5818EF8AE900770C4B /* TruckForm.m */ = {isa = PBXFileReference; fileEncoding = 4; lastKnownFileType = sourcecode.c.objc; path = TruckForm.m; sourceTree = "<group>"; };
		EB624E5B18EF90A500770C4B /* TrucksViewController.h */ = {isa = PBXFileReference; fileEncoding = 4; lastKnownFileType = sourcecode.c.h; path = TrucksViewController.h; sourceTree = "<group>"; };
		EB624E5C18EF90A500770C4B /* TrucksViewController.m */ = {isa = PBXFileReference; fileEncoding = 4; lastKnownFileType = sourcecode.c.objc; path = TrucksViewController.m; sourceTree = "<group>"; };
		EB624E5E18EF914700770C4B /* TruckDetailViewController.h */ = {isa = PBXFileReference; fileEncoding = 4; lastKnownFileType = sourcecode.c.h; path = TruckDetailViewController.h; sourceTree = "<group>"; };
		EB624E5F18EF914700770C4B /* TruckDetailViewController.m */ = {isa = PBXFileReference; fileEncoding = 4; lastKnownFileType = sourcecode.c.objc; path = TruckDetailViewController.m; sourceTree = "<group>"; };
		EBE7688418EF99350037755F /* MapKit.framework */ = {isa = PBXFileReference; lastKnownFileType = wrapper.framework; name = MapKit.framework; path = System/Library/Frameworks/MapKit.framework; sourceTree = SDKROOT; };
/* End PBXFileReference section */

/* Begin PBXFrameworksBuildPhase section */
		65606AEA18EB3437007954BB /* Frameworks */ = {
			isa = PBXFrameworksBuildPhase;
			buildActionMask = 2147483647;
			files = (
				EBE7688518EF99350037755F /* MapKit.framework in Frameworks */,
				65E9656A18EF837C000877C4 /* Social.framework in Frameworks */,
				65E9656818EF8363000877C4 /* Accounts.framework in Frameworks */,
				65E9656618EF8309000877C4 /* SystemConfiguration.framework in Frameworks */,
				65E9656418EF8303000877C4 /* StoreKit.framework in Frameworks */,
				65E9656218EF82FE000877C4 /* Security.framework in Frameworks */,
				65E9656018EF82F9000877C4 /* QuartzCore.framework in Frameworks */,
				65E9655E18EF82F0000877C4 /* MobileCoreServices.framework in Frameworks */,
				65E9655C18EF82E9000877C4 /* libz.dylib in Frameworks */,
				65606AF318EB3437007954BB /* CoreGraphics.framework in Frameworks */,
				65E9655A18EF82D8000877C4 /* CFNetwork.framework in Frameworks */,
				65E9655818EF82D1000877C4 /* AudioToolbox.framework in Frameworks */,
				65606AF518EB3437007954BB /* UIKit.framework in Frameworks */,
				65606AF118EB3437007954BB /* Foundation.framework in Frameworks */,
				20E9C2C236F2443189681324 /* libPods.a in Frameworks */,
				65E9655518EF82A8000877C4 /* Parse.framework in Frameworks */,
			);
			runOnlyForDeploymentPostprocessing = 0;
		};
		65606B0E18EB3437007954BB /* Frameworks */ = {
			isa = PBXFrameworksBuildPhase;
			buildActionMask = 2147483647;
			files = (
				65606B1318EB3437007954BB /* XCTest.framework in Frameworks */,
				65606B1518EB3438007954BB /* UIKit.framework in Frameworks */,
				65E9655618EF82A8000877C4 /* Parse.framework in Frameworks */,
				65606B1418EB3438007954BB /* Foundation.framework in Frameworks */,
			);
			runOnlyForDeploymentPostprocessing = 0;
		};
/* End PBXFrameworksBuildPhase section */

/* Begin PBXGroup section */
		65606AE418EB3437007954BB = {
			isa = PBXGroup;
			children = (
				65606AF618EB3437007954BB /* IndyFoodTrucks */,
				65606B1818EB3438007954BB /* IndyFoodTrucksTests */,
				65606AEF18EB3437007954BB /* Frameworks */,
				65606AEE18EB3437007954BB /* Products */,
				2262114B6A6D47C2B7360984 /* Pods.xcconfig */,
			);
			sourceTree = "<group>";
		};
		65606AEE18EB3437007954BB /* Products */ = {
			isa = PBXGroup;
			children = (
				65606AED18EB3437007954BB /* IndyFoodTrucks.app */,
				65606B1118EB3437007954BB /* IndyFoodTrucksTests.xctest */,
			);
			name = Products;
			sourceTree = "<group>";
		};
		65606AEF18EB3437007954BB /* Frameworks */ = {
			isa = PBXGroup;
			children = (
				EBE7688418EF99350037755F /* MapKit.framework */,
				65E9656918EF837C000877C4 /* Social.framework */,
				65E9656718EF8363000877C4 /* Accounts.framework */,
				65E9656518EF8309000877C4 /* SystemConfiguration.framework */,
				65E9656318EF8303000877C4 /* StoreKit.framework */,
				65E9656118EF82FE000877C4 /* Security.framework */,
				65E9655F18EF82F9000877C4 /* QuartzCore.framework */,
				65E9655D18EF82F0000877C4 /* MobileCoreServices.framework */,
				65E9655B18EF82E9000877C4 /* libz.dylib */,
				65E9655918EF82D8000877C4 /* CFNetwork.framework */,
				65E9655718EF82D1000877C4 /* AudioToolbox.framework */,
				65E9655418EF82A8000877C4 /* Parse.framework */,
				65606AF018EB3437007954BB /* Foundation.framework */,
				65606AF218EB3437007954BB /* CoreGraphics.framework */,
				65606AF418EB3437007954BB /* UIKit.framework */,
				65606B1218EB3437007954BB /* XCTest.framework */,
				487B526071B441E0BA63165C /* libPods.a */,
			);
			name = Frameworks;
			sourceTree = "<group>";
		};
		65606AF618EB3437007954BB /* IndyFoodTrucks */ = {
			isa = PBXGroup;
			children = (
				65606AFF18EB3437007954BB /* AppDelegate.h */,
				65606B0018EB3437007954BB /* AppDelegate.m */,
				65606B0218EB3437007954BB /* Main_iPhone.storyboard */,
				65E9659018EF9D92000877C4 /* Controllers */,
				EB624E5A18EF908800770C4B /* Trucks Controllers */,
				65E965A018EFACF0000877C4 /* Cells */,
				65E9659118EF9DCF000877C4 /* Models */,
				65E9659F18EF9FC9000877C4 /* Singletons */,
				65606B0B18EB3437007954BB /* Images.xcassets */,
				EB624DFC18EF6D0000770C4B /* Utils */,
				65606AF718EB3437007954BB /* Supporting Files */,
			);
			path = IndyFoodTrucks;
			sourceTree = "<group>";
		};
		65606AF718EB3437007954BB /* Supporting Files */ = {
			isa = PBXGroup;
			children = (
				65606AF818EB3437007954BB /* IndyFoodTrucks-Info.plist */,
				65606AF918EB3437007954BB /* InfoPlist.strings */,
				65606AFC18EB3437007954BB /* main.m */,
				65606AFE18EB3437007954BB /* IndyFoodTrucks-Prefix.pch */,
			);
			name = "Supporting Files";
			sourceTree = "<group>";
		};
		65606B1818EB3438007954BB /* IndyFoodTrucksTests */ = {
			isa = PBXGroup;
			children = (
				65606B1E18EB3438007954BB /* IndyFoodTrucksTests.m */,
				65606B1918EB3438007954BB /* Supporting Files */,
			);
			path = IndyFoodTrucksTests;
			sourceTree = "<group>";
		};
		65606B1918EB3438007954BB /* Supporting Files */ = {
			isa = PBXGroup;
			children = (
				65606B1A18EB3438007954BB /* IndyFoodTrucksTests-Info.plist */,
				65606B1B18EB3438007954BB /* InfoPlist.strings */,
			);
			name = "Supporting Files";
			sourceTree = "<group>";
		};
		65E9656B18EF83F9000877C4 /* Parse FB Fix */ = {
			isa = PBXGroup;
			children = (
				65E9656D18EF8422000877C4 /* FBMissingSymbols.m */,
			);
			name = "Parse FB Fix";
			sourceTree = "<group>";
		};
		65E9659018EF9D92000877C4 /* Controllers */ = {
			isa = PBXGroup;
			children = (
				65606B0818EB3437007954BB /* RootViewController.h */,
				65606B0918EB3437007954BB /* RootViewController.m */,
				EB624DF118EF5F0C00770C4B /* MenuViewController.h */,
				EB624DF218EF5F0C00770C4B /* MenuViewController.m */,
				EB624DF418EF61E300770C4B /* MapViewController.h */,
				EB624DF518EF61E300770C4B /* MapViewController.m */,
			);
			name = Controllers;
			sourceTree = "<group>";
		};
		65E9659118EF9DCF000877C4 /* Models */ = {
			isa = PBXGroup;
			children = (
				EB624E5718EF8AE900770C4B /* TruckForm.h */,
				EB624E5818EF8AE900770C4B /* TruckForm.m */,
				EB177A1718F065FC00026E09 /* ManualCheckInForm.h */,
				EB177A1818F065FC00026E09 /* ManualCheckInForm.m */,
				EB177A1A18F0661500026E09 /* AutomaticCheckInForm.h */,
				EB177A1B18F0661500026E09 /* AutomaticCheckInForm.m */,
			);
			name = Models;
			sourceTree = "<group>";
		};
		65E9659B18EF9E2C000877C4 /* CCActionSheet & CCAlertView */ = {
			isa = PBXGroup;
			children = (
				65E9659518EF9E27000877C4 /* CCActionSheet.h */,
				65E9659618EF9E27000877C4 /* CCActionSheet.m */,
				65E9659718EF9E27000877C4 /* CCAlertView.h */,
				65E9659818EF9E27000877C4 /* CCAlertView.m */,
			);
			name = "CCActionSheet & CCAlertView";
			sourceTree = "<group>";
		};
		65E9659F18EF9FC9000877C4 /* Singletons */ = {
			isa = PBXGroup;
			children = (
				65E9659C18EF9FBE000877C4 /* TruckSingleton.h */,
				65E9659D18EF9FBE000877C4 /* TruckSingleton.m */,
			);
			name = Singletons;
			sourceTree = "<group>";
		};
		65E965A018EFACF0000877C4 /* Cells */ = {
			isa = PBXGroup;
			children = (
				65E965A118EFAD04000877C4 /* MSMenuCell.h */,
				65E965A218EFAD04000877C4 /* MSMenuCell.m */,
				65E965A318EFAD04000877C4 /* MSMenuTableViewHeader.h */,
				65E965A418EFAD04000877C4 /* MSMenuTableViewHeader.m */,
				EB177A0318F048DB00026E09 /* LocationMapCell.h */,
				EB177A0418F048DB00026E09 /* LocationMapCell.m */,
				EB177A0518F048DB00026E09 /* LocationMapCell.xib */,
				EB177A0918F05C7200026E09 /* TruckYelpCell.h */,
				EB177A0A18F05C7200026E09 /* TruckYelpCell.m */,
				EB177A0B18F05C7200026E09 /* TruckYelpCell.xib */,
			);
			name = Cells;
			sourceTree = "<group>";
		};
		65E965F118F0493C000877C4 /* Yelp API */ = {
			isa = PBXGroup;
			children = (
				65E965F218F0494F000877C4 /* YelpKeys.plist */,
				65E965F318F0494F000877C4 /* YLBusiness.h */,
				65E965F418F0494F000877C4 /* YLBusiness.m */,
				65E965F518F0494F000877C4 /* YLClient.h */,
				65E965F618F0494F000877C4 /* YLClient.m */,
				65E965F718F0494F000877C4 /* YLLocalSearch.h */,
				65E965F818F0494F000877C4 /* YLLocalSearch.m */,
				65E965F918F0494F000877C4 /* YLLocalSearchResponse.h */,
				65E965FA18F0494F000877C4 /* YLLocalSearchResponse.m */,
			);
			name = "Yelp API";
			sourceTree = "<group>";
		};
		EB624DFC18EF6D0000770C4B /* Utils */ = {
			isa = PBXGroup;
			children = (
				65E965F118F0493C000877C4 /* Yelp API */,
				65E9659B18EF9E2C000877C4 /* CCActionSheet & CCAlertView */,
				65E9656B18EF83F9000877C4 /* Parse FB Fix */,
			);
			path = Utils;
			sourceTree = "<group>";
		};
		EB624E5A18EF908800770C4B /* Trucks Controllers */ = {
			isa = PBXGroup;
			children = (
				EB624E5B18EF90A500770C4B /* TrucksViewController.h */,
				EB624E5C18EF90A500770C4B /* TrucksViewController.m */,
				65E965A718F04558000877C4 /* YelpTruckViewController.h */,
				65E965A818F04558000877C4 /* YelpTruckViewController.m */,
				EB624E5E18EF914700770C4B /* TruckDetailViewController.h */,
				EB624E5F18EF914700770C4B /* TruckDetailViewController.m */,
				EB624E5318EF8A3400770C4B /* TruckFormViewController.h */,
				EB624E5418EF8A3400770C4B /* TruckFormViewController.m */,
				65E9659218EF9DE7000877C4 /* TruckLoginViewController.h */,
				65E9659318EF9DE7000877C4 /* TruckLoginViewController.m */,
				EB177A1118F05F9600026E09 /* TruckAutomaticCheckInViewController.h */,
				EB177A1218F05F9600026E09 /* TruckAutomaticCheckInViewController.m */,
				EB177A1418F05FAD00026E09 /* TruckManualCheckInViewController.h */,
				EB177A1518F05FAD00026E09 /* TruckManualCheckInViewController.m */,
			);
			name = "Trucks Controllers";
			sourceTree = "<group>";
		};
/* End PBXGroup section */

/* Begin PBXNativeTarget section */
		65606AEC18EB3437007954BB /* IndyFoodTrucks */ = {
			isa = PBXNativeTarget;
			buildConfigurationList = 65606B2218EB3438007954BB /* Build configuration list for PBXNativeTarget "IndyFoodTrucks" */;
			buildPhases = (
				1BE8C3EB09384B899A6B9F76 /* Check Pods Manifest.lock */,
				65606AE918EB3437007954BB /* Sources */,
				65606AEA18EB3437007954BB /* Frameworks */,
				65606AEB18EB3437007954BB /* Resources */,
				824BB89A8EB748F6AC45ADBA /* Copy Pods Resources */,
			);
			buildRules = (
			);
			dependencies = (
			);
			name = IndyFoodTrucks;
			productName = IndyFoodTrucks;
			productReference = 65606AED18EB3437007954BB /* IndyFoodTrucks.app */;
			productType = "com.apple.product-type.application";
		};
		65606B1018EB3437007954BB /* IndyFoodTrucksTests */ = {
			isa = PBXNativeTarget;
			buildConfigurationList = 65606B2518EB3438007954BB /* Build configuration list for PBXNativeTarget "IndyFoodTrucksTests" */;
			buildPhases = (
				65606B0D18EB3437007954BB /* Sources */,
				65606B0E18EB3437007954BB /* Frameworks */,
				65606B0F18EB3437007954BB /* Resources */,
			);
			buildRules = (
			);
			dependencies = (
				65606B1718EB3438007954BB /* PBXTargetDependency */,
			);
			name = IndyFoodTrucksTests;
			productName = IndyFoodTrucksTests;
			productReference = 65606B1118EB3437007954BB /* IndyFoodTrucksTests.xctest */;
			productType = "com.apple.product-type.bundle.unit-test";
		};
/* End PBXNativeTarget section */

/* Begin PBXProject section */
		65606AE518EB3437007954BB /* Project object */ = {
			isa = PBXProject;
			attributes = {
				LastUpgradeCheck = 0510;
				ORGANIZATIONNAME = AppDar;
				TargetAttributes = {
					65606B1018EB3437007954BB = {
						TestTargetID = 65606AEC18EB3437007954BB;
					};
				};
			};
			buildConfigurationList = 65606AE818EB3437007954BB /* Build configuration list for PBXProject "IndyFoodTrucks" */;
			compatibilityVersion = "Xcode 3.2";
			developmentRegion = English;
			hasScannedForEncodings = 0;
			knownRegions = (
				en,
				Base,
			);
			mainGroup = 65606AE418EB3437007954BB;
			productRefGroup = 65606AEE18EB3437007954BB /* Products */;
			projectDirPath = "";
			projectRoot = "";
			targets = (
				65606AEC18EB3437007954BB /* IndyFoodTrucks */,
				65606B1018EB3437007954BB /* IndyFoodTrucksTests */,
			);
		};
/* End PBXProject section */

/* Begin PBXResourcesBuildPhase section */
		65606AEB18EB3437007954BB /* Resources */ = {
			isa = PBXResourcesBuildPhase;
			buildActionMask = 2147483647;
			files = (
				65606B0C18EB3437007954BB /* Images.xcassets in Resources */,
				65606B0418EB3437007954BB /* Main_iPhone.storyboard in Resources */,
				65E965FB18F0494F000877C4 /* YelpKeys.plist in Resources */,
				EB177A0D18F05C7200026E09 /* TruckYelpCell.xib in Resources */,
				65606AFB18EB3437007954BB /* InfoPlist.strings in Resources */,
				EB177A0718F048DB00026E09 /* LocationMapCell.xib in Resources */,
			);
			runOnlyForDeploymentPostprocessing = 0;
		};
		65606B0F18EB3437007954BB /* Resources */ = {
			isa = PBXResourcesBuildPhase;
			buildActionMask = 2147483647;
			files = (
				65606B1D18EB3438007954BB /* InfoPlist.strings in Resources */,
			);
			runOnlyForDeploymentPostprocessing = 0;
		};
/* End PBXResourcesBuildPhase section */

/* Begin PBXShellScriptBuildPhase section */
		1BE8C3EB09384B899A6B9F76 /* Check Pods Manifest.lock */ = {
			isa = PBXShellScriptBuildPhase;
			buildActionMask = 2147483647;
			files = (
			);
			inputPaths = (
			);
			name = "Check Pods Manifest.lock";
			outputPaths = (
			);
			runOnlyForDeploymentPostprocessing = 0;
			shellPath = /bin/sh;
			shellScript = "diff \"${PODS_ROOT}/../Podfile.lock\" \"${PODS_ROOT}/Manifest.lock\" > /dev/null\nif [[ $? != 0 ]] ; then\n    cat << EOM\nerror: The sandbox is not in sync with the Podfile.lock. Run 'pod install' or update your CocoaPods installation.\nEOM\n    exit 1\nfi\n";
			showEnvVarsInLog = 0;
		};
		824BB89A8EB748F6AC45ADBA /* Copy Pods Resources */ = {
			isa = PBXShellScriptBuildPhase;
			buildActionMask = 2147483647;
			files = (
			);
			inputPaths = (
			);
			name = "Copy Pods Resources";
			outputPaths = (
			);
			runOnlyForDeploymentPostprocessing = 0;
			shellPath = /bin/sh;
			shellScript = "\"${SRCROOT}/Pods/Pods-resources.sh\"\n";
			showEnvVarsInLog = 0;
		};
/* End PBXShellScriptBuildPhase section */

/* Begin PBXSourcesBuildPhase section */
		65606AE918EB3437007954BB /* Sources */ = {
			isa = PBXSourcesBuildPhase;
			buildActionMask = 2147483647;
			files = (
				EB624E5D18EF90A500770C4B /* TrucksViewController.m in Sources */,
				EB177A1618F05FAD00026E09 /* TruckManualCheckInViewController.m in Sources */,
				EB177A1C18F0661500026E09 /* AutomaticCheckInForm.m in Sources */,
				65E965A618EFAD04000877C4 /* MSMenuTableViewHeader.m in Sources */,
				65E9656E18EF8422000877C4 /* FBMissingSymbols.m in Sources */,
				EB177A0618F048DB00026E09 /* LocationMapCell.m in Sources */,
				EB177A1918F065FC00026E09 /* ManualCheckInForm.m in Sources */,
				65E9659E18EF9FBE000877C4 /* TruckSingleton.m in Sources */,
				65606B0A18EB3437007954BB /* RootViewController.m in Sources */,
				65E965A918F04558000877C4 /* YelpTruckViewController.m in Sources */,
				EB177A1318F05F9600026E09 /* TruckAutomaticCheckInViewController.m in Sources */,
				EB624E5518EF8A3400770C4B /* TruckFormViewController.m in Sources */,
				EB624E5918EF8AE900770C4B /* TruckForm.m in Sources */,
				65E965FC18F0494F000877C4 /* YLBusiness.m in Sources */,
				65E9659918EF9E27000877C4 /* CCActionSheet.m in Sources */,
				65606B0118EB3437007954BB /* AppDelegate.m in Sources */,
				EB624DF618EF61E300770C4B /* MapViewController.m in Sources */,
				65E965FE18F0494F000877C4 /* YLLocalSearch.m in Sources */,
				EB177A0C18F05C7200026E09 /* TruckYelpCell.m in Sources */,
				65606AFD18EB3437007954BB /* main.m in Sources */,
				EB624DF318EF5F0C00770C4B /* MenuViewController.m in Sources */,
				65E965A518EFAD04000877C4 /* MSMenuCell.m in Sources */,
				65E9659A18EF9E27000877C4 /* CCAlertView.m in Sources */,
				65E9659418EF9DE7000877C4 /* TruckLoginViewController.m in Sources */,
				EB624E6018EF914700770C4B /* TruckDetailViewController.m in Sources */,
				65E965FF18F0494F000877C4 /* YLLocalSearchResponse.m in Sources */,
				EB177A0818F04D2C00026E09 /* YLClient.m in Sources */,
			);
			runOnlyForDeploymentPostprocessing = 0;
		};
		65606B0D18EB3437007954BB /* Sources */ = {
			isa = PBXSourcesBuildPhase;
			buildActionMask = 2147483647;
			files = (
				65E9656F18EF8422000877C4 /* FBMissingSymbols.m in Sources */,
				65606B1F18EB3438007954BB /* IndyFoodTrucksTests.m in Sources */,
			);
			runOnlyForDeploymentPostprocessing = 0;
		};
/* End PBXSourcesBuildPhase section */

/* Begin PBXTargetDependency section */
		65606B1718EB3438007954BB /* PBXTargetDependency */ = {
			isa = PBXTargetDependency;
			target = 65606AEC18EB3437007954BB /* IndyFoodTrucks */;
			targetProxy = 65606B1618EB3438007954BB /* PBXContainerItemProxy */;
		};
/* End PBXTargetDependency section */

/* Begin PBXVariantGroup section */
		65606AF918EB3437007954BB /* InfoPlist.strings */ = {
			isa = PBXVariantGroup;
			children = (
				65606AFA18EB3437007954BB /* en */,
			);
			name = InfoPlist.strings;
			sourceTree = "<group>";
		};
		65606B0218EB3437007954BB /* Main_iPhone.storyboard */ = {
			isa = PBXVariantGroup;
			children = (
				65606B0318EB3437007954BB /* Base */,
			);
			name = Main_iPhone.storyboard;
			sourceTree = "<group>";
		};
		65606B1B18EB3438007954BB /* InfoPlist.strings */ = {
			isa = PBXVariantGroup;
			children = (
				65606B1C18EB3438007954BB /* en */,
			);
			name = InfoPlist.strings;
			sourceTree = "<group>";
		};
/* End PBXVariantGroup section */

/* Begin XCBuildConfiguration section */
		65606B2018EB3438007954BB /* Debug */ = {
			isa = XCBuildConfiguration;
			buildSettings = {
				ALWAYS_SEARCH_USER_PATHS = NO;
				CLANG_CXX_LANGUAGE_STANDARD = "gnu++0x";
				CLANG_CXX_LIBRARY = "libc++";
				CLANG_ENABLE_MODULES = YES;
				CLANG_ENABLE_OBJC_ARC = YES;
				CLANG_WARN_BOOL_CONVERSION = YES;
				CLANG_WARN_CONSTANT_CONVERSION = YES;
				CLANG_WARN_DIRECT_OBJC_ISA_USAGE = YES_ERROR;
				CLANG_WARN_EMPTY_BODY = YES;
				CLANG_WARN_ENUM_CONVERSION = YES;
				CLANG_WARN_INT_CONVERSION = YES;
				CLANG_WARN_OBJC_ROOT_CLASS = YES_ERROR;
				CLANG_WARN__DUPLICATE_METHOD_MATCH = YES;
				CODE_SIGN_IDENTITY = "iPhone Developer";
				"CODE_SIGN_IDENTITY[sdk=iphoneos*]" = "iPhone Developer";
				COPY_PHASE_STRIP = NO;
				GCC_C_LANGUAGE_STANDARD = gnu99;
				GCC_DYNAMIC_NO_PIC = NO;
				GCC_OPTIMIZATION_LEVEL = 0;
				GCC_PREPROCESSOR_DEFINITIONS = (
					"DEBUG=1",
					"$(inherited)",
				);
				GCC_SYMBOLS_PRIVATE_EXTERN = NO;
				GCC_WARN_64_TO_32_BIT_CONVERSION = YES;
				GCC_WARN_ABOUT_RETURN_TYPE = YES_ERROR;
				GCC_WARN_UNDECLARED_SELECTOR = YES;
				GCC_WARN_UNINITIALIZED_AUTOS = YES_AGGRESSIVE;
				GCC_WARN_UNUSED_FUNCTION = YES;
				GCC_WARN_UNUSED_VARIABLE = YES;
				IPHONEOS_DEPLOYMENT_TARGET = 7.1;
				ONLY_ACTIVE_ARCH = YES;
				SDKROOT = iphoneos;
				TARGETED_DEVICE_FAMILY = "1,2";
			};
			name = Debug;
		};
		65606B2118EB3438007954BB /* Release */ = {
			isa = XCBuildConfiguration;
			buildSettings = {
				ALWAYS_SEARCH_USER_PATHS = NO;
				CLANG_CXX_LANGUAGE_STANDARD = "gnu++0x";
				CLANG_CXX_LIBRARY = "libc++";
				CLANG_ENABLE_MODULES = YES;
				CLANG_ENABLE_OBJC_ARC = YES;
				CLANG_WARN_BOOL_CONVERSION = YES;
				CLANG_WARN_CONSTANT_CONVERSION = YES;
				CLANG_WARN_DIRECT_OBJC_ISA_USAGE = YES_ERROR;
				CLANG_WARN_EMPTY_BODY = YES;
				CLANG_WARN_ENUM_CONVERSION = YES;
				CLANG_WARN_INT_CONVERSION = YES;
				CLANG_WARN_OBJC_ROOT_CLASS = YES_ERROR;
				CLANG_WARN__DUPLICATE_METHOD_MATCH = YES;
				CODE_SIGN_IDENTITY = "iPhone Developer";
				"CODE_SIGN_IDENTITY[sdk=iphoneos*]" = "iPhone Developer";
				COPY_PHASE_STRIP = YES;
				ENABLE_NS_ASSERTIONS = NO;
				GCC_C_LANGUAGE_STANDARD = gnu99;
				GCC_WARN_64_TO_32_BIT_CONVERSION = YES;
				GCC_WARN_ABOUT_RETURN_TYPE = YES_ERROR;
				GCC_WARN_UNDECLARED_SELECTOR = YES;
				GCC_WARN_UNINITIALIZED_AUTOS = YES_AGGRESSIVE;
				GCC_WARN_UNUSED_FUNCTION = YES;
				GCC_WARN_UNUSED_VARIABLE = YES;
				IPHONEOS_DEPLOYMENT_TARGET = 7.1;
				SDKROOT = iphoneos;
				TARGETED_DEVICE_FAMILY = "1,2";
				VALIDATE_PRODUCT = YES;
			};
			name = Release;
		};
		65606B2318EB3438007954BB /* Debug */ = {
			isa = XCBuildConfiguration;
			baseConfigurationReference = 2262114B6A6D47C2B7360984 /* Pods.xcconfig */;
			buildSettings = {
				ASSETCATALOG_COMPILER_APPICON_NAME = AppIcon;
				ASSETCATALOG_COMPILER_LAUNCHIMAGE_NAME = LaunchImage;
				FRAMEWORK_SEARCH_PATHS = (
					"$(inherited)",
					"$(PROJECT_DIR)",
				);
				GCC_PRECOMPILE_PREFIX_HEADER = YES;
				GCC_PREFIX_HEADER = "IndyFoodTrucks/IndyFoodTrucks-Prefix.pch";
				INFOPLIST_FILE = "IndyFoodTrucks/IndyFoodTrucks-Info.plist";
				PRODUCT_NAME = "$(TARGET_NAME)";
				WRAPPER_EXTENSION = app;
			};
			name = Debug;
		};
		65606B2418EB3438007954BB /* Release */ = {
			isa = XCBuildConfiguration;
			baseConfigurationReference = 2262114B6A6D47C2B7360984 /* Pods.xcconfig */;
			buildSettings = {
				ASSETCATALOG_COMPILER_APPICON_NAME = AppIcon;
				ASSETCATALOG_COMPILER_LAUNCHIMAGE_NAME = LaunchImage;
				FRAMEWORK_SEARCH_PATHS = (
					"$(inherited)",
					"$(PROJECT_DIR)",
				);
				GCC_PRECOMPILE_PREFIX_HEADER = YES;
				GCC_PREFIX_HEADER = "IndyFoodTrucks/IndyFoodTrucks-Prefix.pch";
				INFOPLIST_FILE = "IndyFoodTrucks/IndyFoodTrucks-Info.plist";
				PRODUCT_NAME = "$(TARGET_NAME)";
				WRAPPER_EXTENSION = app;
			};
			name = Release;
		};
		65606B2618EB3438007954BB /* Debug */ = {
			isa = XCBuildConfiguration;
			buildSettings = {
				BUNDLE_LOADER = "$(BUILT_PRODUCTS_DIR)/IndyFoodTrucks.app/IndyFoodTrucks";
				FRAMEWORK_SEARCH_PATHS = (
					"$(SDKROOT)/Developer/Library/Frameworks",
					"$(inherited)",
					"$(DEVELOPER_FRAMEWORKS_DIR)",
					"$(PROJECT_DIR)",
				);
				GCC_PRECOMPILE_PREFIX_HEADER = YES;
				GCC_PREFIX_HEADER = "IndyFoodTrucks/IndyFoodTrucks-Prefix.pch";
				GCC_PREPROCESSOR_DEFINITIONS = (
					"DEBUG=1",
					"$(inherited)",
				);
				INFOPLIST_FILE = "IndyFoodTrucksTests/IndyFoodTrucksTests-Info.plist";
				PRODUCT_NAME = "$(TARGET_NAME)";
				TEST_HOST = "$(BUNDLE_LOADER)";
				WRAPPER_EXTENSION = xctest;
			};
			name = Debug;
		};
		65606B2718EB3438007954BB /* Release */ = {
			isa = XCBuildConfiguration;
			buildSettings = {
				BUNDLE_LOADER = "$(BUILT_PRODUCTS_DIR)/IndyFoodTrucks.app/IndyFoodTrucks";
				FRAMEWORK_SEARCH_PATHS = (
					"$(SDKROOT)/Developer/Library/Frameworks",
					"$(inherited)",
					"$(DEVELOPER_FRAMEWORKS_DIR)",
					"$(PROJECT_DIR)",
				);
				GCC_PRECOMPILE_PREFIX_HEADER = YES;
				GCC_PREFIX_HEADER = "IndyFoodTrucks/IndyFoodTrucks-Prefix.pch";
				INFOPLIST_FILE = "IndyFoodTrucksTests/IndyFoodTrucksTests-Info.plist";
				PRODUCT_NAME = "$(TARGET_NAME)";
				TEST_HOST = "$(BUNDLE_LOADER)";
				WRAPPER_EXTENSION = xctest;
			};
			name = Release;
		};
/* End XCBuildConfiguration section */

/* Begin XCConfigurationList section */
		65606AE818EB3437007954BB /* Build configuration list for PBXProject "IndyFoodTrucks" */ = {
			isa = XCConfigurationList;
			buildConfigurations = (
				65606B2018EB3438007954BB /* Debug */,
				65606B2118EB3438007954BB /* Release */,
			);
			defaultConfigurationIsVisible = 0;
			defaultConfigurationName = Release;
		};
		65606B2218EB3438007954BB /* Build configuration list for PBXNativeTarget "IndyFoodTrucks" */ = {
			isa = XCConfigurationList;
			buildConfigurations = (
				65606B2318EB3438007954BB /* Debug */,
				65606B2418EB3438007954BB /* Release */,
			);
			defaultConfigurationIsVisible = 0;
			defaultConfigurationName = Release;
		};
		65606B2518EB3438007954BB /* Build configuration list for PBXNativeTarget "IndyFoodTrucksTests" */ = {
			isa = XCConfigurationList;
			buildConfigurations = (
				65606B2618EB3438007954BB /* Debug */,
				65606B2718EB3438007954BB /* Release */,
			);
			defaultConfigurationIsVisible = 0;
			defaultConfigurationName = Release;
		};
/* End XCConfigurationList section */
	};
	rootObject = 65606AE518EB3437007954BB /* Project object */;
}
